{
  "name": "hw-guest-book",
  "version": "1.0.0",
  "lockfileVersion": 2,
  "requires": true,
  "packages": {
    "": {
      "name": "hw-guest-book",
      "version": "1.0.0",
      "license": "ISC",
      "dependencies": {
        "node-json-db": "^2.1.0"
      }
    },
    "node_modules/atomically": {
      "version": "1.7.0",
      "resolved": "https://registry.npmjs.org/atomically/-/atomically-1.7.0.tgz",
      "integrity": "sha512-Xcz9l0z7y9yQ9rdDaxlmaI4uJHf/T8g9hOEzJcsEqX2SjCj4J20uK7+ldkDHMbpJDK76wF7xEIgxc/vSlsfw5w==",
      "engines": {
        "node": ">=10.12.0"
      }
    },
    "node_modules/node-json-db": {
      "version": "2.1.0",
      "resolved": "https://registry.npmjs.org/node-json-db/-/node-json-db-2.1.0.tgz",
      "integrity": "sha512-Fc6eLFknWtFdgp3TsNX6xVeHBpIXm4GdnHEHYkAyOlDjrWrLlHCUqhN8VyB4fWOPstPK7WOaFN7UQd4W+2x9Kw==",
      "dependencies": {
        "atomically": "^1.7.0"
      }
    }
  },
  "dependencies": {
    "atomically": {
      "version": "1.7.0",
      "resolved": "https://registry.npmjs.org/atomically/-/atomically-1.7.0.tgz",
      "integrity": "sha512-Xcz9l0z7y9yQ9rdDaxlmaI4uJHf/T8g9hOEzJcsEqX2SjCj4J20uK7+ldkDHMbpJDK76wF7xEIgxc/vSlsfw5w=="
    },
    "node-json-db": {
      "version": "2.1.0",
      "resolved": "https://registry.npmjs.org/node-json-db/-/node-json-db-2.1.0.tgz",
      "integrity": "sha512-Fc6eLFknWtFdgp3TsNX6xVeHBpIXm4GdnHEHYkAyOlDjrWrLlHCUqhN8VyB4fWOPstPK7WOaFN7UQd4W+2x9Kw==",
      "requires": {
        "atomically": "^1.7.0"
      }
    }
  }
}
